
Microsoft Visual Studio Solution File, Format Version 12.00
# Visual Studio Version 17
VisualStudioVersion = 17.5.33424.131
MinimumVisualStudioVersion = 10.0.40219.1
Project("{9A19103F-16F7-4668-BE54-9A1E7A4F7556}") = "LandauPDFMinusAsymptotic", "AsymptoticExpansion\LandauPDFMinusAsymptotic\LandauPDFMinusAsymptotic.csproj", "{599FEE35-083D-46BB-8304-6CF8E40EF838}"
	ProjectSection(ProjectDependencies) = postProject
		{F825E877-8C41-415C-AB77-11006E21613F} = {F825E877-8C41-415C-AB77-11006E21613F}
	EndProjectSection
EndProject
Project("{9A19103F-16F7-4668-BE54-9A1E7A4F7556}") = "LandauSymbolicArithmetic", "LandauSymbolicArithmetic\LandauSymbolicArithmetic.csproj", "{F825E877-8C41-415C-AB77-11006E21613F}"
EndProject
Project("{9A19103F-16F7-4668-BE54-9A1E7A4F7556}") = "LandauPDFPlusAsymptotic", "AsymptoticExpansion\LandauPDFPlusAsymptotic\LandauPDFPlusAsymptotic.csproj", "{D4311AC3-E7CF-4F21-9DF1-DC850E967F86}"
	ProjectSection(ProjectDependencies) = postProject
		{F825E877-8C41-415C-AB77-11006E21613F} = {F825E877-8C41-415C-AB77-11006E21613F}
	EndProjectSection
EndProject
Project("{9A19103F-16F7-4668-BE54-9A1E7A4F7556}") = "LandauSymbolToNumeric", "LandauSymbolToNumeric\LandauSymbolToNumeric.csproj", "{872DE5D5-8D17-4F8D-ACEC-B9D210B0A413}"
	ProjectSection(ProjectDependencies) = postProject
		{F825E877-8C41-415C-AB77-11006E21613F} = {F825E877-8C41-415C-AB77-11006E21613F}
	EndProjectSection
EndProject
Project("{9A19103F-16F7-4668-BE54-9A1E7A4F7556}") = "LandauPDFNumericIntegration", "LandauPDFNumericIntegration\LandauPDFNumericIntegration.csproj", "{5067A209-2E49-4F5B-B504-85379FD9B157}"
	ProjectSection(ProjectDependencies) = postProject
		{31C07F1E-9650-488A-A241-D877633CBA55} = {31C07F1E-9650-488A-A241-D877633CBA55}
	EndProjectSection
EndProject
Project("{9A19103F-16F7-4668-BE54-9A1E7A4F7556}") = "LandauEvalPDFAsymptotic", "AsymptoticExpansion\LandauEvalPDFAsymptotic\LandauEvalPDFAsymptotic.csproj", "{27BE5E57-7CE3-4EA1-9139-8E3439DFF879}"
EndProject
Project("{9A19103F-16F7-4668-BE54-9A1E7A4F7556}") = "LandauPadeCoefGeneration", "LandauPadeCoefGeneration\LandauPadeCoefGeneration.csproj", "{F063C47B-0FAE-4433-ACA9-B5EBEB1CD283}"
EndProject
Project("{9A19103F-16F7-4668-BE54-9A1E7A4F7556}") = "LandauCDFPlusAsymptotic", "AsymptoticExpansion\LandauCDFPlusAsymptotic\LandauCDFPlusAsymptotic.csproj", "{0C84EE60-AD22-437F-9A77-268CA5AD5536}"
	ProjectSection(ProjectDependencies) = postProject
		{D4311AC3-E7CF-4F21-9DF1-DC850E967F86} = {D4311AC3-E7CF-4F21-9DF1-DC850E967F86}
		{F825E877-8C41-415C-AB77-11006E21613F} = {F825E877-8C41-415C-AB77-11006E21613F}
	EndProjectSection
EndProject
Project("{9A19103F-16F7-4668-BE54-9A1E7A4F7556}") = "LandauCDFMinusAsymptotic", "AsymptoticExpansion\LandauCDFMinusAsymptotic\LandauCDFMinusAsymptotic.csproj", "{3E8350D2-CA30-4F5F-AFCB-77E9AC749ABE}"
	ProjectSection(ProjectDependencies) = postProject
		{599FEE35-083D-46BB-8304-6CF8E40EF838} = {599FEE35-083D-46BB-8304-6CF8E40EF838}
	EndProjectSection
EndProject
Project("{9A19103F-16F7-4668-BE54-9A1E7A4F7556}") = "LandauPadeApprox", "LandauPadeApprox\LandauPadeApprox.csproj", "{7BFA44AB-4C1A-4C16-9F70-77B037017ECA}"
EndProject
Project("{9A19103F-16F7-4668-BE54-9A1E7A4F7556}") = "LandauEvalPadeApprox", "LandauEvalPadeApprox\LandauEvalPadeApprox.csproj", "{2130620F-72D5-4D69-8DCF-68EDEC6B5553}"
	ProjectSection(ProjectDependencies) = postProject
		{7BFA44AB-4C1A-4C16-9F70-77B037017ECA} = {7BFA44AB-4C1A-4C16-9F70-77B037017ECA}
	EndProjectSection
EndProject
Project("{9A19103F-16F7-4668-BE54-9A1E7A4F7556}") = "LandauCDFNumericIntegration", "LandauCDFNumericIntegration\LandauCDFNumericIntegration.csproj", "{A0C7AF2F-13C2-4842-BEC5-8C3A3F356D7A}"
EndProject
Project("{9A19103F-16F7-4668-BE54-9A1E7A4F7556}") = "LandauBasicFunctionCache", "LandauBasicFunctionCache\LandauBasicFunctionCache.csproj", "{31C07F1E-9650-488A-A241-D877633CBA55}"
EndProject
Project("{9A19103F-16F7-4668-BE54-9A1E7A4F7556}") = "LandauBasicFunctionCacheTests", "LandauBasicFunctionCacheTests\LandauBasicFunctionCacheTests.csproj", "{08E05DA1-48A9-49B8-AC90-C320A8A8DC67}"
	ProjectSection(ProjectDependencies) = postProject
		{31C07F1E-9650-488A-A241-D877633CBA55} = {31C07F1E-9650-488A-A241-D877633CBA55}
	EndProjectSection
EndProject
Global
	GlobalSection(SolutionConfigurationPlatforms) = preSolution
		Debug|Any CPU = Debug|Any CPU
		Release|Any CPU = Release|Any CPU
	EndGlobalSection
	GlobalSection(ProjectConfigurationPlatforms) = postSolution
		{599FEE35-083D-46BB-8304-6CF8E40EF838}.Debug|Any CPU.ActiveCfg = Debug|Any CPU
		{599FEE35-083D-46BB-8304-6CF8E40EF838}.Debug|Any CPU.Build.0 = Debug|Any CPU
		{599FEE35-083D-46BB-8304-6CF8E40EF838}.Release|Any CPU.ActiveCfg = Release|Any CPU
		{599FEE35-083D-46BB-8304-6CF8E40EF838}.Release|Any CPU.Build.0 = Release|Any CPU
		{F825E877-8C41-415C-AB77-11006E21613F}.Debug|Any CPU.ActiveCfg = Debug|Any CPU
		{F825E877-8C41-415C-AB77-11006E21613F}.Debug|Any CPU.Build.0 = Debug|Any CPU
		{F825E877-8C41-415C-AB77-11006E21613F}.Release|Any CPU.ActiveCfg = Release|Any CPU
		{F825E877-8C41-415C-AB77-11006E21613F}.Release|Any CPU.Build.0 = Release|Any CPU
		{D4311AC3-E7CF-4F21-9DF1-DC850E967F86}.Debug|Any CPU.ActiveCfg = Debug|Any CPU
		{D4311AC3-E7CF-4F21-9DF1-DC850E967F86}.Debug|Any CPU.Build.0 = Debug|Any CPU
		{D4311AC3-E7CF-4F21-9DF1-DC850E967F86}.Release|Any CPU.ActiveCfg = Release|Any CPU
		{D4311AC3-E7CF-4F21-9DF1-DC850E967F86}.Release|Any CPU.Build.0 = Release|Any CPU
		{872DE5D5-8D17-4F8D-ACEC-B9D210B0A413}.Debug|Any CPU.ActiveCfg = Debug|Any CPU
		{872DE5D5-8D17-4F8D-ACEC-B9D210B0A413}.Debug|Any CPU.Build.0 = Debug|Any CPU
		{872DE5D5-8D17-4F8D-ACEC-B9D210B0A413}.Release|Any CPU.ActiveCfg = Release|Any CPU
		{872DE5D5-8D17-4F8D-ACEC-B9D210B0A413}.Release|Any CPU.Build.0 = Release|Any CPU
		{5067A209-2E49-4F5B-B504-85379FD9B157}.Debug|Any CPU.ActiveCfg = Debug|Any CPU
		{5067A209-2E49-4F5B-B504-85379FD9B157}.Debug|Any CPU.Build.0 = Debug|Any CPU
		{5067A209-2E49-4F5B-B504-85379FD9B157}.Release|Any CPU.ActiveCfg = Release|Any CPU
		{5067A209-2E49-4F5B-B504-85379FD9B157}.Release|Any CPU.Build.0 = Release|Any CPU
		{27BE5E57-7CE3-4EA1-9139-8E3439DFF879}.Debug|Any CPU.ActiveCfg = Debug|Any CPU
		{27BE5E57-7CE3-4EA1-9139-8E3439DFF879}.Debug|Any CPU.Build.0 = Debug|Any CPU
		{27BE5E57-7CE3-4EA1-9139-8E3439DFF879}.Release|Any CPU.ActiveCfg = Release|Any CPU
		{27BE5E57-7CE3-4EA1-9139-8E3439DFF879}.Release|Any CPU.Build.0 = Release|Any CPU
		{F063C47B-0FAE-4433-ACA9-B5EBEB1CD283}.Debug|Any CPU.ActiveCfg = Debug|Any CPU
		{F063C47B-0FAE-4433-ACA9-B5EBEB1CD283}.Debug|Any CPU.Build.0 = Debug|Any CPU
		{F063C47B-0FAE-4433-ACA9-B5EBEB1CD283}.Release|Any CPU.ActiveCfg = Release|Any CPU
		{F063C47B-0FAE-4433-ACA9-B5EBEB1CD283}.Release|Any CPU.Build.0 = Release|Any CPU
		{0C84EE60-AD22-437F-9A77-268CA5AD5536}.Debug|Any CPU.ActiveCfg = Debug|Any CPU
		{0C84EE60-AD22-437F-9A77-268CA5AD5536}.Debug|Any CPU.Build.0 = Debug|Any CPU
		{0C84EE60-AD22-437F-9A77-268CA5AD5536}.Release|Any CPU.ActiveCfg = Release|Any CPU
		{0C84EE60-AD22-437F-9A77-268CA5AD5536}.Release|Any CPU.Build.0 = Release|Any CPU
		{3E8350D2-CA30-4F5F-AFCB-77E9AC749ABE}.Debug|Any CPU.ActiveCfg = Debug|Any CPU
		{3E8350D2-CA30-4F5F-AFCB-77E9AC749ABE}.Debug|Any CPU.Build.0 = Debug|Any CPU
		{3E8350D2-CA30-4F5F-AFCB-77E9AC749ABE}.Release|Any CPU.ActiveCfg = Release|Any CPU
		{3E8350D2-CA30-4F5F-AFCB-77E9AC749ABE}.Release|Any CPU.Build.0 = Release|Any CPU
		{7BFA44AB-4C1A-4C16-9F70-77B037017ECA}.Debug|Any CPU.ActiveCfg = Debug|Any CPU
		{7BFA44AB-4C1A-4C16-9F70-77B037017ECA}.Debug|Any CPU.Build.0 = Debug|Any CPU
		{7BFA44AB-4C1A-4C16-9F70-77B037017ECA}.Release|Any CPU.ActiveCfg = Release|Any CPU
		{7BFA44AB-4C1A-4C16-9F70-77B037017ECA}.Release|Any CPU.Build.0 = Release|Any CPU
		{2130620F-72D5-4D69-8DCF-68EDEC6B5553}.Debug|Any CPU.ActiveCfg = Debug|Any CPU
		{2130620F-72D5-4D69-8DCF-68EDEC6B5553}.Debug|Any CPU.Build.0 = Debug|Any CPU
		{2130620F-72D5-4D69-8DCF-68EDEC6B5553}.Release|Any CPU.ActiveCfg = Release|Any CPU
		{2130620F-72D5-4D69-8DCF-68EDEC6B5553}.Release|Any CPU.Build.0 = Release|Any CPU
		{A0C7AF2F-13C2-4842-BEC5-8C3A3F356D7A}.Debug|Any CPU.ActiveCfg = Debug|Any CPU
		{A0C7AF2F-13C2-4842-BEC5-8C3A3F356D7A}.Debug|Any CPU.Build.0 = Debug|Any CPU
		{A0C7AF2F-13C2-4842-BEC5-8C3A3F356D7A}.Release|Any CPU.ActiveCfg = Release|Any CPU
		{A0C7AF2F-13C2-4842-BEC5-8C3A3F356D7A}.Release|Any CPU.Build.0 = Release|Any CPU
		{31C07F1E-9650-488A-A241-D877633CBA55}.Debug|Any CPU.ActiveCfg = Debug|Any CPU
		{31C07F1E-9650-488A-A241-D877633CBA55}.Debug|Any CPU.Build.0 = Debug|Any CPU
		{31C07F1E-9650-488A-A241-D877633CBA55}.Release|Any CPU.ActiveCfg = Release|Any CPU
		{31C07F1E-9650-488A-A241-D877633CBA55}.Release|Any CPU.Build.0 = Release|Any CPU
		{08E05DA1-48A9-49B8-AC90-C320A8A8DC67}.Debug|Any CPU.ActiveCfg = Debug|Any CPU
		{08E05DA1-48A9-49B8-AC90-C320A8A8DC67}.Debug|Any CPU.Build.0 = Debug|Any CPU
		{08E05DA1-48A9-49B8-AC90-C320A8A8DC67}.Release|Any CPU.ActiveCfg = Release|Any CPU
		{08E05DA1-48A9-49B8-AC90-C320A8A8DC67}.Release|Any CPU.Build.0 = Release|Any CPU
	EndGlobalSection
	GlobalSection(SolutionProperties) = preSolution
		HideSolutionNode = FALSE
	EndGlobalSection
	GlobalSection(ExtensibilityGlobals) = postSolution
		SolutionGuid = {0264722A-9DFE-408F-8EE1-11CFA45E621A}
	EndGlobalSection
EndGlobal
