
Microsoft Visual Studio Solution File, Format Version 12.00
# Visual Studio Version 17
VisualStudioVersion = 17.5.33424.131
MinimumVisualStudioVersion = 10.0.40219.1
Project("{9A19103F-16F7-4668-BE54-9A1E7A4F7556}") = "AsymptoticMinus", "AsymptoticExpansion\AsymptoticMinus\AsymptoticMinus.csproj", "{599FEE35-083D-46BB-8304-6CF8E40EF838}"
	ProjectSection(ProjectDependencies) = postProject
		{F825E877-8C41-415C-AB77-11006E21613F} = {F825E877-8C41-415C-AB77-11006E21613F}
	EndProjectSection
EndProject
Project("{9A19103F-16F7-4668-BE54-9A1E7A4F7556}") = "SymbolicArithmetic", "SymbolicArithmetic\SymbolicArithmetic.csproj", "{F825E877-8C41-415C-AB77-11006E21613F}"
EndProject
Project("{9A19103F-16F7-4668-BE54-9A1E7A4F7556}") = "AsymptoticPlus", "AsymptoticExpansion\AsymptoticPlus\AsymptoticPlus.csproj", "{D4311AC3-E7CF-4F21-9DF1-DC850E967F86}"
	ProjectSection(ProjectDependencies) = postProject
		{F825E877-8C41-415C-AB77-11006E21613F} = {F825E877-8C41-415C-AB77-11006E21613F}
	EndProjectSection
EndProject
Project("{9A19103F-16F7-4668-BE54-9A1E7A4F7556}") = "ToNumeric", "ToNumeric\ToNumeric.csproj", "{872DE5D5-8D17-4F8D-ACEC-B9D210B0A413}"
	ProjectSection(ProjectDependencies) = postProject
		{F825E877-8C41-415C-AB77-11006E21613F} = {F825E877-8C41-415C-AB77-11006E21613F}
	EndProjectSection
EndProject
Project("{9A19103F-16F7-4668-BE54-9A1E7A4F7556}") = "PDF", "PDF\PDF.csproj", "{A6145D7E-96DB-4F73-9C58-4F42D7D6FD95}"
	ProjectSection(ProjectDependencies) = postProject
		{5067A209-2E49-4F5B-B504-85379FD9B157} = {5067A209-2E49-4F5B-B504-85379FD9B157}
	EndProjectSection
EndProject
Project("{9A19103F-16F7-4668-BE54-9A1E7A4F7556}") = "NumericIntegration", "NumericIntegration\NumericIntegration.csproj", "{5067A209-2E49-4F5B-B504-85379FD9B157}"
EndProject
Project("{9A19103F-16F7-4668-BE54-9A1E7A4F7556}") = "AsymptoticEvalError", "AsymptoticExpansion\AsymptoticEvalError\AsymptoticEvalError.csproj", "{27BE5E57-7CE3-4EA1-9139-8E3439DFF879}"
EndProject
Project("{9A19103F-16F7-4668-BE54-9A1E7A4F7556}") = "PadeApproximation", "PadeApproximation\PadeApproximation.csproj", "{F063C47B-0FAE-4433-ACA9-B5EBEB1CD283}"
EndProject
Project("{9A19103F-16F7-4668-BE54-9A1E7A4F7556}") = "AsymptoticPlusCDF", "AsymptoticExpansion\AsymptoticPlusCDF\AsymptoticPlusCDF.csproj", "{0C84EE60-AD22-437F-9A77-268CA5AD5536}"
	ProjectSection(ProjectDependencies) = postProject
		{D4311AC3-E7CF-4F21-9DF1-DC850E967F86} = {D4311AC3-E7CF-4F21-9DF1-DC850E967F86}
		{F825E877-8C41-415C-AB77-11006E21613F} = {F825E877-8C41-415C-AB77-11006E21613F}
	EndProjectSection
EndProject
Project("{9A19103F-16F7-4668-BE54-9A1E7A4F7556}") = "AsymptoticMinusCDF", "AsymptoticExpansion\AsymptoticMinusCDF\AsymptoticMinusCDF.csproj", "{3E8350D2-CA30-4F5F-AFCB-77E9AC749ABE}"
	ProjectSection(ProjectDependencies) = postProject
		{599FEE35-083D-46BB-8304-6CF8E40EF838} = {599FEE35-083D-46BB-8304-6CF8E40EF838}
	EndProjectSection
EndProject
Project("{9A19103F-16F7-4668-BE54-9A1E7A4F7556}") = "DigitsAny", "DigitsAny\DigitsAny.csproj", "{A6AAD05E-3D54-401A-AE45-E0368DD98C49}"
EndProject
Project("{9A19103F-16F7-4668-BE54-9A1E7A4F7556}") = "Digits100", "Digits100\Digits100.csproj", "{7BFA44AB-4C1A-4C16-9F70-77B037017ECA}"
EndProject
Project("{FAE04EC0-301F-11D3-BF4B-00C04F79EFBC}") = "Digits100Eval", "Digits100Eval\Digits100Eval.csproj", "{2130620F-72D5-4D69-8DCF-68EDEC6B5553}"
	ProjectSection(ProjectDependencies) = postProject
		{7BFA44AB-4C1A-4C16-9F70-77B037017ECA} = {7BFA44AB-4C1A-4C16-9F70-77B037017ECA}
	EndProjectSection
EndProject
Global
	GlobalSection(SolutionConfigurationPlatforms) = preSolution
		Debug|Any CPU = Debug|Any CPU
		Release|Any CPU = Release|Any CPU
	EndGlobalSection
	GlobalSection(ProjectConfigurationPlatforms) = postSolution
		{599FEE35-083D-46BB-8304-6CF8E40EF838}.Debug|Any CPU.ActiveCfg = Debug|Any CPU
		{599FEE35-083D-46BB-8304-6CF8E40EF838}.Debug|Any CPU.Build.0 = Debug|Any CPU
		{599FEE35-083D-46BB-8304-6CF8E40EF838}.Release|Any CPU.ActiveCfg = Release|Any CPU
		{599FEE35-083D-46BB-8304-6CF8E40EF838}.Release|Any CPU.Build.0 = Release|Any CPU
		{F825E877-8C41-415C-AB77-11006E21613F}.Debug|Any CPU.ActiveCfg = Debug|Any CPU
		{F825E877-8C41-415C-AB77-11006E21613F}.Debug|Any CPU.Build.0 = Debug|Any CPU
		{F825E877-8C41-415C-AB77-11006E21613F}.Release|Any CPU.ActiveCfg = Release|Any CPU
		{F825E877-8C41-415C-AB77-11006E21613F}.Release|Any CPU.Build.0 = Release|Any CPU
		{D4311AC3-E7CF-4F21-9DF1-DC850E967F86}.Debug|Any CPU.ActiveCfg = Debug|Any CPU
		{D4311AC3-E7CF-4F21-9DF1-DC850E967F86}.Debug|Any CPU.Build.0 = Debug|Any CPU
		{D4311AC3-E7CF-4F21-9DF1-DC850E967F86}.Release|Any CPU.ActiveCfg = Release|Any CPU
		{D4311AC3-E7CF-4F21-9DF1-DC850E967F86}.Release|Any CPU.Build.0 = Release|Any CPU
		{872DE5D5-8D17-4F8D-ACEC-B9D210B0A413}.Debug|Any CPU.ActiveCfg = Debug|Any CPU
		{872DE5D5-8D17-4F8D-ACEC-B9D210B0A413}.Debug|Any CPU.Build.0 = Debug|Any CPU
		{872DE5D5-8D17-4F8D-ACEC-B9D210B0A413}.Release|Any CPU.ActiveCfg = Release|Any CPU
		{872DE5D5-8D17-4F8D-ACEC-B9D210B0A413}.Release|Any CPU.Build.0 = Release|Any CPU
		{A6145D7E-96DB-4F73-9C58-4F42D7D6FD95}.Debug|Any CPU.ActiveCfg = Debug|Any CPU
		{A6145D7E-96DB-4F73-9C58-4F42D7D6FD95}.Debug|Any CPU.Build.0 = Debug|Any CPU
		{A6145D7E-96DB-4F73-9C58-4F42D7D6FD95}.Release|Any CPU.ActiveCfg = Release|Any CPU
		{A6145D7E-96DB-4F73-9C58-4F42D7D6FD95}.Release|Any CPU.Build.0 = Release|Any CPU
		{5067A209-2E49-4F5B-B504-85379FD9B157}.Debug|Any CPU.ActiveCfg = Debug|Any CPU
		{5067A209-2E49-4F5B-B504-85379FD9B157}.Debug|Any CPU.Build.0 = Debug|Any CPU
		{5067A209-2E49-4F5B-B504-85379FD9B157}.Release|Any CPU.ActiveCfg = Release|Any CPU
		{5067A209-2E49-4F5B-B504-85379FD9B157}.Release|Any CPU.Build.0 = Release|Any CPU
		{27BE5E57-7CE3-4EA1-9139-8E3439DFF879}.Debug|Any CPU.ActiveCfg = Debug|Any CPU
		{27BE5E57-7CE3-4EA1-9139-8E3439DFF879}.Debug|Any CPU.Build.0 = Debug|Any CPU
		{27BE5E57-7CE3-4EA1-9139-8E3439DFF879}.Release|Any CPU.ActiveCfg = Release|Any CPU
		{27BE5E57-7CE3-4EA1-9139-8E3439DFF879}.Release|Any CPU.Build.0 = Release|Any CPU
		{F063C47B-0FAE-4433-ACA9-B5EBEB1CD283}.Debug|Any CPU.ActiveCfg = Debug|Any CPU
		{F063C47B-0FAE-4433-ACA9-B5EBEB1CD283}.Debug|Any CPU.Build.0 = Debug|Any CPU
		{F063C47B-0FAE-4433-ACA9-B5EBEB1CD283}.Release|Any CPU.ActiveCfg = Release|Any CPU
		{F063C47B-0FAE-4433-ACA9-B5EBEB1CD283}.Release|Any CPU.Build.0 = Release|Any CPU
		{0C84EE60-AD22-437F-9A77-268CA5AD5536}.Debug|Any CPU.ActiveCfg = Debug|Any CPU
		{0C84EE60-AD22-437F-9A77-268CA5AD5536}.Debug|Any CPU.Build.0 = Debug|Any CPU
		{0C84EE60-AD22-437F-9A77-268CA5AD5536}.Release|Any CPU.ActiveCfg = Release|Any CPU
		{0C84EE60-AD22-437F-9A77-268CA5AD5536}.Release|Any CPU.Build.0 = Release|Any CPU
		{3E8350D2-CA30-4F5F-AFCB-77E9AC749ABE}.Debug|Any CPU.ActiveCfg = Debug|Any CPU
		{3E8350D2-CA30-4F5F-AFCB-77E9AC749ABE}.Debug|Any CPU.Build.0 = Debug|Any CPU
		{3E8350D2-CA30-4F5F-AFCB-77E9AC749ABE}.Release|Any CPU.ActiveCfg = Release|Any CPU
		{3E8350D2-CA30-4F5F-AFCB-77E9AC749ABE}.Release|Any CPU.Build.0 = Release|Any CPU
		{A6AAD05E-3D54-401A-AE45-E0368DD98C49}.Debug|Any CPU.ActiveCfg = Debug|Any CPU
		{A6AAD05E-3D54-401A-AE45-E0368DD98C49}.Debug|Any CPU.Build.0 = Debug|Any CPU
		{A6AAD05E-3D54-401A-AE45-E0368DD98C49}.Release|Any CPU.ActiveCfg = Release|Any CPU
		{A6AAD05E-3D54-401A-AE45-E0368DD98C49}.Release|Any CPU.Build.0 = Release|Any CPU
		{7BFA44AB-4C1A-4C16-9F70-77B037017ECA}.Debug|Any CPU.ActiveCfg = Debug|Any CPU
		{7BFA44AB-4C1A-4C16-9F70-77B037017ECA}.Debug|Any CPU.Build.0 = Debug|Any CPU
		{7BFA44AB-4C1A-4C16-9F70-77B037017ECA}.Release|Any CPU.ActiveCfg = Release|Any CPU
		{7BFA44AB-4C1A-4C16-9F70-77B037017ECA}.Release|Any CPU.Build.0 = Release|Any CPU
		{2130620F-72D5-4D69-8DCF-68EDEC6B5553}.Debug|Any CPU.ActiveCfg = Debug|Any CPU
		{2130620F-72D5-4D69-8DCF-68EDEC6B5553}.Debug|Any CPU.Build.0 = Debug|Any CPU
		{2130620F-72D5-4D69-8DCF-68EDEC6B5553}.Release|Any CPU.ActiveCfg = Release|Any CPU
		{2130620F-72D5-4D69-8DCF-68EDEC6B5553}.Release|Any CPU.Build.0 = Release|Any CPU
	EndGlobalSection
	GlobalSection(SolutionProperties) = preSolution
		HideSolutionNode = FALSE
	EndGlobalSection
	GlobalSection(ExtensibilityGlobals) = postSolution
		SolutionGuid = {0264722A-9DFE-408F-8EE1-11CFA45E621A}
	EndGlobalSection
EndGlobal
